{
  "nodes": {
    "flake-parts": {
      "inputs": {
        "nixpkgs-lib": "nixpkgs-lib"
      },
      "locked": {
        "lastModified": 1782949081,
        "narHash": "sha256-vp6Y/Grm98ESt6ceOkWiHWyZRDV3J1RID4w+6NWK9yA=",
        "owner": "hercules-ci",
        "repo": "flake-parts",
        "rev": "17c9d6cdfc60c64f4ee8d306f9bc0b4ccb51481e",
        "type": "github"
      },
      "original": {
        "owner": "hercules-ci",
        "repo": "flake-parts",
        "type": "github"
      }
    },
    "moonbit-overlay": {
      "inputs": {
        "nixpkgs": "nixpkgs",
        "treefmt-nix": "treefmt-nix"
      },
      "locked": {
        "lastModified": 1786507857,
        "narHash": "sha256-6meD0m2tb8mvhldkVgxI4shz2VFI85bNa6xtyfleA+k=",
        "owner": "moonbit-community",
        "repo": "moonbit-overlay",
        "rev": "76dfe50cc2134ac25ea76d755282c137668bb481",
        "type": "github"
      },
      "original": {
        "owner": "moonbit-community",
        "ref": "v0.10.7+bc794d341+4da23f8",
        "repo": "moonbit-overlay",
        "type": "github"
      }
    },
    "nixpkgs": {
      "locked": {
        "lastModified": 1785975029,
        "narHash": "sha256-X44cn5rzytELc3NNoQsh0aLkjWA/QzPfc6HPQmsG3sU=",
        "owner": "NixOS",
        "repo": "nixpkgs",
        "rev": "70ce234312134a463ba7728e94da2486a1d237ac",
        "type": "github"
      },
      "original": {
        "owner": "NixOS",
        "ref": "nixpkgs-unstable",
        "repo": "nixpkgs",
        "type": "github"
      }
    },
    "nixpkgs-lib": {
      "locked": {
        "lastModified": 1782614948,
        "narHash": "sha256-ePjCwr1sNm9NYUqywL7QfK3JnlS015msC+eBu2zKlp8=",
        "owner": "nix-community",
        "repo": "nixpkgs.lib",
        "rev": "db3f255737b94216eb71cce308e2912cf6bc2d7c",
        "type": "github"
      },
      "original": {
        "owner": "nix-community",
        "repo": "nixpkgs.lib",
        "type": "github"
      }
    },
    "nixpkgs_2": {
      "locked": {
        "lastModified": 1784872115,
        "narHash": "sha256-THPEF2po0fsoH8gNtp+Ae0XFDJH3N/ol7xO3v6VMTJU=",
        "owner": "NixOS",
        "repo": "nixpkgs",
        "rev": "335f0738cb2fa9708f3f428e39d2eae975d1338d",
        "type": "github"
      },
      "original": {
        "owner": "NixOS",
        "ref": "nixpkgs-unstable",
        "repo": "nixpkgs",
        "type": "github"
      }
    },
    "root": {
      "inputs": {
        "flake-parts": "flake-parts",
        "moonbit-overlay": "moonbit-overlay",
        "nixpkgs": "nixpkgs_2"
      }
    },
    "treefmt-nix": {
      "inputs": {
        "nixpkgs": [
          "moonbit-overlay",
          "nixpkgs"
        ]
      },
      "locked": {
        "lastModified": 1785945821,
        "narHash": "sha256-NLSyTCW4K4ofhNBllt3omPasm6QpralXH1DBZOc91Dw=",
        "owner": "numtide",
        "repo": "treefmt-nix",
        "rev": "ae7910970dddc408fe6ab1c8e4b277bb21d72dc0",
        "type": "github"
      },
      "original": {
        "owner": "numtide",
        "repo": "treefmt-nix",
        "type": "github"
      }
    }
  },
  "root": "root",
  "version": 7
}
